
Microsoft Visual Studio Solution File, Format Version 12.00
# Visual Studio Version 17
VisualStudioVersion = 17.14.37628.2
MinimumVisualStudioVersion = 10.0.40219.1
Project("{2150E333-8FDC-42A3-9474-1A3956D46DE8}") = "lib", "lib", "{DDB4EF12-CC4E-5E88-E6FC-71A802F4DE97}"
EndProject
Project("{2150E333-8FDC-42A3-9474-1A3956D46DE8}") = "proc", "proc", "{3D73B89F-33B2-4380-9C45-1DB3FA891F07}"
EndProject
Project("{FAE04EC0-301F-11D3-BF4B-00C04F79EFBC}") = "IOExpansionsLib", "src\lib\IOExpansionsLib\IOExpansionsLib.csproj", "{2E292304-6ADE-43DE-BE75-BB41DF327E45}"
EndProject
Project("{FAE04EC0-301F-11D3-BF4B-00C04F79EFBC}") = "TestConsoleApp", "src\proc\TestConsoleApp\TestConsoleApp.csproj", "{83B02015-ED9C-48EC-B3F5-73AE488474F4}"
	ProjectSection(ProjectDependencies) = postProject
		{2E292304-6ADE-43DE-BE75-BB41DF327E45} = {2E292304-6ADE-43DE-BE75-BB41DF327E45}
	EndProjectSection
EndProject
Global
	GlobalSection(SolutionConfigurationPlatforms) = preSolution
		Debug|Any CPU = Debug|Any CPU
		Release|Any CPU = Release|Any CPU
	EndGlobalSection
	GlobalSection(ProjectConfigurationPlatforms) = postSolution
		{2E292304-6ADE-43DE-BE75-BB41DF327E45}.Debug|Any CPU.ActiveCfg = Debug|Any CPU
		{2E292304-6ADE-43DE-BE75-BB41DF327E45}.Debug|Any CPU.Build.0 = Debug|Any CPU
		{2E292304-6ADE-43DE-BE75-BB41DF327E45}.Release|Any CPU.ActiveCfg = Release|Any CPU
		{2E292304-6ADE-43DE-BE75-BB41DF327E45}.Release|Any CPU.Build.0 = Release|Any CPU
		{83B02015-ED9C-48EC-B3F5-73AE488474F4}.Debug|Any CPU.ActiveCfg = Debug|Any CPU
		{83B02015-ED9C-48EC-B3F5-73AE488474F4}.Debug|Any CPU.Build.0 = Debug|Any CPU
		{83B02015-ED9C-48EC-B3F5-73AE488474F4}.Release|Any CPU.ActiveCfg = Release|Any CPU
		{83B02015-ED9C-48EC-B3F5-73AE488474F4}.Release|Any CPU.Build.0 = Release|Any CPU
	EndGlobalSection
	GlobalSection(SolutionProperties) = preSolution
		HideSolutionNode = FALSE
	EndGlobalSection
	GlobalSection(NestedProjects) = preSolution
		{2E292304-6ADE-43DE-BE75-BB41DF327E45} = {DDB4EF12-CC4E-5E88-E6FC-71A802F4DE97}
		{83B02015-ED9C-48EC-B3F5-73AE488474F4} = {3D73B89F-33B2-4380-9C45-1DB3FA891F07}
	EndGlobalSection
	GlobalSection(ExtensibilityGlobals) = postSolution
		SolutionGuid = {13781FA7-A905-4D57-9BD6-123A984C6570}
	EndGlobalSection
EndGlobal
